{
  "name": "NavigationTutorial",
  "version": "1.0.0",
  "lockfileVersion": 1,
  "requires": true,
  "dependencies": {
    "@openui5/sap.m": {
      "version": "1.81.0",
      "resolved": "https://registry.npmjs.org/@openui5/sap.m/-/sap.m-1.81.0.tgz",
      "integrity": "sha512-LL8epoVX6L4lJkn3grajRi3dtKRgjaDp2XBUgbEXbGpHm6mf0DTI3ujqPzZqK5zNSB9qgD8FQgDsH+HaSNPtbQ==",
      "requires": {
        "@openui5/sap.ui.core": "1.81.0",
        "@openui5/sap.ui.layout": "1.81.0",
        "@openui5/sap.ui.unified": "1.81.0"
      }
    },
    "@openui5/sap.ui.core": {
      "version": "1.81.0",
      "resolved": "https://registry.npmjs.org/@openui5/sap.ui.core/-/sap.ui.core-1.81.0.tgz",
      "integrity": "sha512-a8YyZhLwLVYuo6AvxvGWcBzno+wH0fpzCxYGdBrT2f8fcGfCkUZ+7Gd3JS8MbSWV8+EHOHrhBkDzSThhC45r2A=="
    },
    "@openui5/sap.ui.layout": {
      "version": "1.81.0",
      "resolved": "https://registry.npmjs.org/@openui5/sap.ui.layout/-/sap.ui.layout-1.81.0.tgz",
      "integrity": "sha512-R+2u++zb1LL8xTh57zPemex0hE7wy/Bfl5YQlnmtCgYPQ/l1+Q4P/TrCeTnAPr16mgGJiiNcpbm9o4pAl6RISg==",
      "requires": {
        "@openui5/sap.ui.core": "1.81.0"
      }
    },
    "@openui5/sap.ui.unified": {
      "version": "1.81.0",
      "resolved": "https://registry.npmjs.org/@openui5/sap.ui.unified/-/sap.ui.unified-1.81.0.tgz",
      "integrity": "sha512-8ZcbftHMl0++1JaRnK2+a55v+22KWgidWGWOLXBsvgJe1OepTdditwm+jE31x+WZOstYpRwjHb/JKM9vtYdbeg==",
      "requires": {
        "@openui5/sap.ui.core": "1.81.0"
      }
    },
    "@openui5/themelib_sap_fiori_3": {
      "version": "1.81.0",
      "resolved": "https://registry.npmjs.org/@openui5/themelib_sap_fiori_3/-/themelib_sap_fiori_3-1.81.0.tgz",
      "integrity": "sha512-IYdrFWQu32i8tmqOIljihdXs0qAf5TBKA+zuNAhHTRuZTLKE0kEejrSW37L4UXJbBoOJF2+FRk4ebsi/McK/wA=="
    }
  }
}
